{
  "version": 4,
  "terraform_version": "1.7.1",
  "serial": 56,
  "lineage": "6f65bdd6-06ad-d08c-c10c-49a05cacb4c6",
  "outputs": {},
  "resources": [
    {
      "mode": "managed",
      "type": "github_repository",
      "name": "Naredevops",
      "provider": "provider[\"registry.terraform.io/integrations/github\"]",
      "instances": [
        {
          "schema_version": 0,
          "attributes": {
            "allow_merge_commit": true,
            "allow_rebase_merge": true,
            "allow_squash_merge": true,
            "archive_on_destroy": null,
            "archived": false,
            "auto_init": null,
            "default_branch": "main",
            "delete_branch_on_merge": false,
            "description": "My awesome codebase",
            "etag": "W/\"7bdfe507d185d639897746c055977b09b38bfabe122dd0102a1b9b59e6df8c84\"",
            "full_name": "Naredevops/Terraform_counter",
            "git_clone_url": "git://github.com/Naredevops/Terraform_counter.git",
            "gitignore_template": null,
            "has_downloads": false,
            "has_issues": false,
            "has_projects": false,
            "has_wiki": false,
            "homepage_url": "",
            "html_url": "https://github.com/Naredevops/Terraform_counter",
            "http_clone_url": "https://github.com/Naredevops/Terraform_counter.git",
            "id": "Terraform_counter",
            "is_template": false,
            "license_template": null,
            "name": "Terraform_counter",
            "node_id": "R_kgDOLQ3-vQ",
            "pages": [],
            "private": false,
            "repo_id": 755891901,
            "ssh_clone_url": "git@github.com:Naredevops/Terraform_counter.git",
            "svn_url": "https://github.com/Naredevops/Terraform_counter",
            "template": [],
            "topics": null,
            "visibility": "public",
            "vulnerability_alerts": false
          },
          "sensitive_attributes": [],
          "private": "bnVsbA=="
        }
      ]
    }
  ],
  "check_results": null
}
